// !$*UTF8*$!
{
	archiveVersion = 1;
	classes = {
	};
	objectVersion = 50;
	objects = {

/* Begin PBXBuildFile section */
		683DE32721A5236900CB19C1 /* AppDelegate.swift in Sources */ = {isa = PBXBuildFile; fileRef = 683DE32621A5236900CB19C1 /* AppDelegate.swift */; };
		683DE32921A5236900CB19C1 /* ViewController.swift in Sources */ = {isa = PBXBuildFile; fileRef = 683DE32821A5236900CB19C1 /* ViewController.swift */; };
		683DE32C21A5236900CB19C1 /* Main.storyboard in Resources */ = {isa = PBXBuildFile; fileRef = 683DE32A21A5236900CB19C1 /* Main.storyboard */; };
		683DE32E21A5236A00CB19C1 /* Assets.xcassets in Resources */ = {isa = PBXBuildFile; fileRef = 683DE32D21A5236A00CB19C1 /* Assets.xcassets */; };
		683DE33121A5236A00CB19C1 /* LaunchScreen.storyboard in Resources */ = {isa = PBXBuildFile; fileRef = 683DE32F21A5236A00CB19C1 /* LaunchScreen.storyboard */; };
		683DE33C21A5236A00CB19C1 /* ChallengeTests.swift in Sources */ = {isa = PBXBuildFile; fileRef = 683DE33B21A5236A00CB19C1 /* ChallengeTests.swift */; };
		683DE34721A5236A00CB19C1 /* ChallengeUITests.swift in Sources */ = {isa = PBXBuildFile; fileRef = 683DE34621A5236A00CB19C1 /* ChallengeUITests.swift */; };
/* End PBXBuildFile section */

/* Begin PBXContainerItemProxy section */
		683DE33821A5236A00CB19C1 /* PBXContainerItemProxy */ = {
			isa = PBXContainerItemProxy;
			containerPortal = 683DE31B21A5236900CB19C1 /* Project object */;
			proxyType = 1;
			remoteGlobalIDString = 683DE32221A5236900CB19C1;
			remoteInfo = Challenge;
		};
		683DE34321A5236A00CB19C1 /* PBXContainerItemProxy */ = {
			isa = PBXContainerItemProxy;
			containerPortal = 683DE31B21A5236900CB19C1 /* Project object */;
			proxyType = 1;
			remoteGlobalIDString = 683DE32221A5236900CB19C1;
			remoteInfo = Challenge;
		};
/* End PBXContainerItemProxy section */

/* Begin PBXFileReference section */
		683DE32321A5236900CB19C1 /* Challenge.app */ = {isa = PBXFileReference; explicitFileType = wrapper.application; includeInIndex = 0; path = Challenge.app; sourceTree = BUILT_PRODUCTS_DIR; };
		683DE32621A5236900CB19C1 /* AppDelegate.swift */ = {isa = PBXFileReference; lastKnownFileType = sourcecode.swift; path = AppDelegate.swift; sourceTree = "<group>"; };
		683DE32821A5236900CB19C1 /* ViewController.swift */ = {isa = PBXFileReference; lastKnownFileType = sourcecode.swift; path = ViewController.swift; sourceTree = "<group>"; };
		683DE32B21A5236900CB19C1 /* Base */ = {isa = PBXFileReference; lastKnownFileType = file.storyboard; name = Base; path = Base.lproj/Main.storyboard; sourceTree = "<group>"; };
		683DE32D21A5236A00CB19C1 /* Assets.xcassets */ = {isa = PBXFileReference; lastKnownFileType = folder.assetcatalog; path = Assets.xcassets; sourceTree = "<group>"; };
		683DE33021A5236A00CB19C1 /* Base */ = {isa = PBXFileReference; lastKnownFileType = file.storyboard; name = Base; path = Base.lproj/LaunchScreen.storyboard; sourceTree = "<group>"; };
		683DE33221A5236A00CB19C1 /* Info.plist */ = {isa = PBXFileReference; lastKnownFileType = text.plist.xml; path = Info.plist; sourceTree = "<group>"; };
		683DE33721A5236A00CB19C1 /* ChallengeTests.xctest */ = {isa = PBXFileReference; explicitFileType = wrapper.cfbundle; includeInIndex = 0; path = ChallengeTests.xctest; sourceTree = BUILT_PRODUCTS_DIR; };
		683DE33B21A5236A00CB19C1 /* ChallengeTests.swift */ = {isa = PBXFileReference; lastKnownFileType = sourcecode.swift; path = ChallengeTests.swift; sourceTree = "<group>"; };
		683DE33D21A5236A00CB19C1 /* Info.plist */ = {isa = PBXFileReference; lastKnownFileType = text.plist.xml; path = Info.plist; sourceTree = "<group>"; };
		683DE34221A5236A00CB19C1 /* ChallengeUITests.xctest */ = {isa = PBXFileReference; explicitFileType = wrapper.cfbundle; includeInIndex = 0; path = ChallengeUITests.xctest; sourceTree = BUILT_PRODUCTS_DIR; };
		683DE34621A5236A00CB19C1 /* ChallengeUITests.swift */ = {isa = PBXFileReference; lastKnownFileType = sourcecode.swift; path = ChallengeUITests.swift; sourceTree = "<group>"; };
		683DE34821A5236A00CB19C1 /* Info.plist */ = {isa = PBXFileReference; lastKnownFileType = text.plist.xml; path = Info.plist; sourceTree = "<group>"; };
/* End PBXFileReference section */

/* Begin PBXFrameworksBuildPhase section */
		683DE32021A5236900CB19C1 /* Frameworks */ = {
			isa = PBXFrameworksBuildPhase;
			buildActionMask = 2147483647;
			files = (
			);
			runOnlyForDeploymentPostprocessing = 0;
		};
		683DE33421A5236A00CB19C1 /* Frameworks */ = {
			isa = PBXFrameworksBuildPhase;
			buildActionMask = 2147483647;
			files = (
			);
			runOnlyForDeploymentPostprocessing = 0;
		};
		683DE33F21A5236A00CB19C1 /* Frameworks */ = {
			isa = PBXFrameworksBuildPhase;
			buildActionMask = 2147483647;
			files = (
			);
			runOnlyForDeploymentPostprocessing = 0;
		};
/* End PBXFrameworksBuildPhase section */

/* Begin PBXGroup section */
		683DE31A21A5236900CB19C1 = {
			isa = PBXGroup;
			children = (
				683DE32521A5236900CB19C1 /* Challenge */,
				683DE33A21A5236A00CB19C1 /* ChallengeTests */,
				683DE34521A5236A00CB19C1 /* ChallengeUITests */,
				683DE32421A5236900CB19C1 /* Products */,
			);
			sourceTree = "<group>";
		};
		683DE32421A5236900CB19C1 /* Products */ = {
			isa = PBXGroup;
			children = (
				683DE32321A5236900CB19C1 /* Challenge.app */,
				683DE33721A5236A00CB19C1 /* ChallengeTests.xctest */,
				683DE34221A5236A00CB19C1 /* ChallengeUITests.xctest */,
			);
			name = Products;
			sourceTree = "<group>";
		};
		683DE32521A5236900CB19C1 /* Challenge */ = {
			isa = PBXGroup;
			children = (
				683DE32621A5236900CB19C1 /* AppDelegate.swift */,
				683DE32821A5236900CB19C1 /* ViewController.swift */,
				683DE32A21A5236900CB19C1 /* Main.storyboard */,
				683DE32D21A5236A00CB19C1 /* Assets.xcassets */,
				683DE32F21A5236A00CB19C1 /* LaunchScreen.storyboard */,
				683DE33221A5236A00CB19C1 /* Info.plist */,
			);
			path = Challenge;
			sourceTree = "<group>";
		};
		683DE33A21A5236A00CB19C1 /* ChallengeTests */ = {
			isa = PBXGroup;
			children = (
				683DE33B21A5236A00CB19C1 /* ChallengeTests.swift */,
				683DE33D21A5236A00CB19C1 /* Info.plist */,
			);
			path = ChallengeTests;
			sourceTree = "<group>";
		};
		683DE34521A5236A00CB19C1 /* ChallengeUITests */ = {
			isa = PBXGroup;
			children = (
				683DE34621A5236A00CB19C1 /* ChallengeUITests.swift */,
				683DE34821A5236A00CB19C1 /* Info.plist */,
			);
			path = ChallengeUITests;
			sourceTree = "<group>";
		};
/* End PBXGroup section */

/* Begin PBXNativeTarget section */
		683DE32221A5236900CB19C1 /* Challenge */ = {
			isa = PBXNativeTarget;
			buildConfigurationList = 683DE34B21A5236A00CB19C1 /* Build configuration list for PBXNativeTarget "Challenge" */;
			buildPhases = (
				683DE31F21A5236900CB19C1 /* Sources */,
				683DE32021A5236900CB19C1 /* Frameworks */,
				683DE32121A5236900CB19C1 /* Resources */,
			);
			buildRules = (
			);
			dependencies = (
			);
			name = Challenge;
			productName = Challenge;
			productReference = 683DE32321A5236900CB19C1 /* Challenge.app */;
			productType = "com.apple.product-type.application";
		};
		683DE33621A5236A00CB19C1 /* ChallengeTests */ = {
			isa = PBXNativeTarget;
			buildConfigurationList = 683DE34E21A5236A00CB19C1 /* Build configuration list for PBXNativeTarget "ChallengeTests" */;
			buildPhases = (
				683DE33321A5236A00CB19C1 /* Sources */,
				683DE33421A5236A00CB19C1 /* Frameworks */,
				683DE33521A5236A00CB19C1 /* Resources */,
			);
			buildRules = (
			);
			dependencies = (
				683DE33921A5236A00CB19C1 /* PBXTargetDependency */,
			);
			name = ChallengeTests;
			productName = ChallengeTests;
			productReference = 683DE33721A5236A00CB19C1 /* ChallengeTests.xctest */;
			productType = "com.apple.product-type.bundle.unit-test";
		};
		683DE34121A5236A00CB19C1 /* ChallengeUITests */ = {
			isa = PBXNativeTarget;
			buildConfigurationList = 683DE35121A5236A00CB19C1 /* Build configuration list for PBXNativeTarget "ChallengeUITests" */;
			buildPhases = (
				683DE33E21A5236A00CB19C1 /* Sources */,
				683DE33F21A5236A00CB19C1 /* Frameworks */,
				683DE34021A5236A00CB19C1 /* Resources */,
			);
			buildRules = (
			);
			dependencies = (
				683DE34421A5236A00CB19C1 /* PBXTargetDependency */,
			);
			name = ChallengeUITests;
			productName = ChallengeUITests;
			productReference = 683DE34221A5236A00CB19C1 /* ChallengeUITests.xctest */;
			productType = "com.apple.product-type.bundle.ui-testing";
		};
/* End PBXNativeTarget section */

/* Begin PBXProject section */
		683DE31B21A5236900CB19C1 /* Project object */ = {
			isa = PBXProject;
			attributes = {
				LastSwiftUpdateCheck = 1010;
				LastUpgradeCheck = 1010;
				ORGANIZATIONNAME = "Michael Neas";
				TargetAttributes = {
					683DE32221A5236900CB19C1 = {
						CreatedOnToolsVersion = 10.1;
					};
					683DE33621A5236A00CB19C1 = {
						CreatedOnToolsVersion = 10.1;
						TestTargetID = 683DE32221A5236900CB19C1;
					};
					683DE34121A5236A00CB19C1 = {
						CreatedOnToolsVersion = 10.1;
						TestTargetID = 683DE32221A5236900CB19C1;
					};
				};
			};
			buildConfigurationList = 683DE31E21A5236900CB19C1 /* Build configuration list for PBXProject "Challenge" */;
			compatibilityVersion = "Xcode 9.3";
			developmentRegion = en;
			hasScannedForEncodings = 0;
			knownRegions = (
				en,
				Base,
			);
			mainGroup = 683DE31A21A5236900CB19C1;
			productRefGroup = 683DE32421A5236900CB19C1 /* Products */;
			projectDirPath = "";
			projectRoot = "";
			targets = (
				683DE32221A5236900CB19C1 /* Challenge */,
				683DE33621A5236A00CB19C1 /* ChallengeTests */,
				683DE34121A5236A00CB19C1 /* ChallengeUITests */,
			);
		};
/* End PBXProject section */

/* Begin PBXResourcesBuildPhase section */
		683DE32121A5236900CB19C1 /* Resources */ = {
			isa = PBXResourcesBuildPhase;
			buildActionMask = 2147483647;
			files = (
				683DE33121A5236A00CB19C1 /* LaunchScreen.storyboard in Resources */,
				683DE32E21A5236A00CB19C1 /* Assets.xcassets in Resources */,
				683DE32C21A5236900CB19C1 /* Main.storyboard in Resources */,
			);
			runOnlyForDeploymentPostprocessing = 0;
		};
		683DE33521A5236A00CB19C1 /* Resources */ = {
			isa = PBXResourcesBuildPhase;
			buildActionMask = 2147483647;
			files = (
			);
			runOnlyForDeploymentPostprocessing = 0;
		};
		683DE34021A5236A00CB19C1 /* Resources */ = {
			isa = PBXResourcesBuildPhase;
			buildActionMask = 2147483647;
			files = (
			);
			runOnlyForDeploymentPostprocessing = 0;
		};
/* End PBXResourcesBuildPhase section */

/* Begin PBXSourcesBuildPhase section */
		683DE31F21A5236900CB19C1 /* Sources */ = {
			isa = PBXSourcesBuildPhase;
			buildActionMask = 2147483647;
			files = (
				683DE32921A5236900CB19C1 /* ViewController.swift in Sources */,
				683DE32721A5236900CB19C1 /* AppDelegate.swift in Sources */,
			);
			runOnlyForDeploymentPostprocessing = 0;
		};
		683DE33321A5236A00CB19C1 /* Sources */ = {
			isa = PBXSourcesBuildPhase;
			buildActionMask = 2147483647;
			files = (
				683DE33C21A5236A00CB19C1 /* ChallengeTests.swift in Sources */,
			);
			runOnlyForDeploymentPostprocessing = 0;
		};
		683DE33E21A5236A00CB19C1 /* Sources */ = {
			isa = PBXSourcesBuildPhase;
			buildActionMask = 2147483647;
			files = (
				683DE34721A5236A00CB19C1 /* ChallengeUITests.swift in Sources */,
			);
			runOnlyForDeploymentPostprocessing = 0;
		};
/* End PBXSourcesBuildPhase section */

/* Begin PBXTargetDependency section */
		683DE33921A5236A00CB19C1 /* PBXTargetDependency */ = {
			isa = PBXTargetDependency;
			target = 683DE32221A5236900CB19C1 /* Challenge */;
			targetProxy = 683DE33821A5236A00CB19C1 /* PBXContainerItemProxy */;
		};
		683DE34421A5236A00CB19C1 /* PBXTargetDependency */ = {
			isa = PBXTargetDependency;
			target = 683DE32221A5236900CB19C1 /* Challenge */;
			targetProxy = 683DE34321A5236A00CB19C1 /* PBXContainerItemProxy */;
		};
/* End PBXTargetDependency section */

/* Begin PBXVariantGroup section */
		683DE32A21A5236900CB19C1 /* Main.storyboard */ = {
			isa = PBXVariantGroup;
			children = (
				683DE32B21A5236900CB19C1 /* Base */,
			);
			name = Main.storyboard;
			sourceTree = "<group>";
		};
		683DE32F21A5236A00CB19C1 /* LaunchScreen.storyboard */ = {
			isa = PBXVariantGroup;
			children = (
				683DE33021A5236A00CB19C1 /* Base */,
			);
			name = LaunchScreen.storyboard;
			sourceTree = "<group>";
		};
/* End PBXVariantGroup section */

/* Begin XCBuildConfiguration section */
		683DE34921A5236A00CB19C1 /* Debug */ = {
			isa = XCBuildConfiguration;
			buildSettings = {
				ALWAYS_SEARCH_USER_PATHS = NO;
				CLANG_ANALYZER_NONNULL = YES;
				CLANG_ANALYZER_NUMBER_OBJECT_CONVERSION = YES_AGGRESSIVE;
				CLANG_CXX_LANGUAGE_STANDARD = "gnu++14";
				CLANG_CXX_LIBRARY = "libc++";
				CLANG_ENABLE_MODULES = YES;
				CLANG_ENABLE_OBJC_ARC = YES;
				CLANG_ENABLE_OBJC_WEAK = YES;
				CLANG_WARN_BLOCK_CAPTURE_AUTORELEASING = YES;
				CLANG_WARN_BOOL_CONVERSION = YES;
				CLANG_WARN_COMMA = YES;
				CLANG_WARN_CONSTANT_CONVERSION = YES;
				CLANG_WARN_DEPRECATED_OBJC_IMPLEMENTATIONS = YES;
				CLANG_WARN_DIRECT_OBJC_ISA_USAGE = YES_ERROR;
				CLANG_WARN_DOCUMENTATION_COMMENTS = YES;
				CLANG_WARN_EMPTY_BODY = YES;
				CLANG_WARN_ENUM_CONVERSION = YES;
				CLANG_WARN_INFINITE_RECURSION = YES;
				CLANG_WARN_INT_CONVERSION = YES;
				CLANG_WARN_NON_LITERAL_NULL_CONVERSION = YES;
				CLANG_WARN_OBJC_IMPLICIT_RETAIN_SELF = YES;
				CLANG_WARN_OBJC_LITERAL_CONVERSION = YES;
				CLANG_WARN_OBJC_ROOT_CLASS = YES_ERROR;
				CLANG_WARN_RANGE_LOOP_ANALYSIS = YES;
				CLANG_WARN_STRICT_PROTOTYPES = YES;
				CLANG_WARN_SUSPICIOUS_MOVE = YES;
				CLANG_WARN_UNGUARDED_AVAILABILITY = YES_AGGRESSIVE;
				CLANG_WARN_UNREACHABLE_CODE = YES;
				CLANG_WARN__DUPLICATE_METHOD_MATCH = YES;
				CODE_SIGN_IDENTITY = "iPhone Developer";
				COPY_PHASE_STRIP = NO;
				DEBUG_INFORMATION_FORMAT = dwarf;
				ENABLE_STRICT_OBJC_MSGSEND = YES;
				ENABLE_TESTABILITY = YES;
				GCC_C_LANGUAGE_STANDARD = gnu11;
				GCC_DYNAMIC_NO_PIC = NO;
				GCC_NO_COMMON_BLOCKS = YES;
				GCC_OPTIMIZATION_LEVEL = 0;
				GCC_PREPROCESSOR_DEFINITIONS = (
					"DEBUG=1",
					"$(inherited)",
				);
				GCC_WARN_64_TO_32_BIT_CONVERSION = YES;
				GCC_WARN_ABOUT_RETURN_TYPE = YES_ERROR;
				GCC_WARN_UNDECLARED_SELECTOR = YES;
				GCC_WARN_UNINITIALIZED_AUTOS = YES_AGGRESSIVE;
				GCC_WARN_UNUSED_FUNCTION = YES;
				GCC_WARN_UNUSED_VARIABLE = YES;
				IPHONEOS_DEPLOYMENT_TARGET = 12.1;
				MTL_ENABLE_DEBUG_INFO = INCLUDE_SOURCE;
				MTL_FAST_MATH = YES;
				ONLY_ACTIVE_ARCH = YES;
				SDKROOT = iphoneos;
				SWIFT_ACTIVE_COMPILATION_CONDITIONS = DEBUG;
				SWIFT_OPTIMIZATION_LEVEL = "-Onone";
			};
			name = Debug;
		};
		683DE34A21A5236A00CB19C1 /* Release */ = {
			isa = XCBuildConfiguration;
			buildSettings = {
				ALWAYS_SEARCH_USER_PATHS = NO;
				CLANG_ANALYZER_NONNULL = YES;
				CLANG_ANALYZER_NUMBER_OBJECT_CONVERSION = YES_AGGRESSIVE;
				CLANG_CXX_LANGUAGE_STANDARD = "gnu++14";
				CLANG_CXX_LIBRARY = "libc++";
				CLANG_ENABLE_MODULES = YES;
				CLANG_ENABLE_OBJC_ARC = YES;
				CLANG_ENABLE_OBJC_WEAK = YES;
				CLANG_WARN_BLOCK_CAPTURE_AUTORELEASING = YES;
				CLANG_WARN_BOOL_CONVERSION = YES;
				CLANG_WARN_COMMA = YES;
				CLANG_WARN_CONSTANT_CONVERSION = YES;
				CLANG_WARN_DEPRECATED_OBJC_IMPLEMENTATIONS = YES;
				CLANG_WARN_DIRECT_OBJC_ISA_USAGE = YES_ERROR;
				CLANG_WARN_DOCUMENTATION_COMMENTS = YES;
				CLANG_WARN_EMPTY_BODY = YES;
				CLANG_WARN_ENUM_CONVERSION = YES;
				CLANG_WARN_INFINITE_RECURSION = YES;
				CLANG_WARN_INT_CONVERSION = YES;
				CLANG_WARN_NON_LITERAL_NULL_CONVERSION = YES;
				CLANG_WARN_OBJC_IMPLICIT_RETAIN_SELF = YES;
				CLANG_WARN_OBJC_LITERAL_CONVERSION = YES;
				CLANG_WARN_OBJC_ROOT_CLASS = YES_ERROR;
				CLANG_WARN_RANGE_LOOP_ANALYSIS = YES;
				CLANG_WARN_STRICT_PROTOTYPES = YES;
				CLANG_WARN_SUSPICIOUS_MOVE = YES;
				CLANG_WARN_UNGUARDED_AVAILABILITY = YES_AGGRESSIVE;
				CLANG_WARN_UNREACHABLE_CODE = YES;
				CLANG_WARN__DUPLICATE_METHOD_MATCH = YES;
				CODE_SIGN_IDENTITY = "iPhone Developer";
				COPY_PHASE_STRIP = NO;
				DEBUG_INFORMATION_FORMAT = "dwarf-with-dsym";
				ENABLE_NS_ASSERTIONS = NO;
				ENABLE_STRICT_OBJC_MSGSEND = YES;
				GCC_C_LANGUAGE_STANDARD = gnu11;
				GCC_NO_COMMON_BLOCKS = YES;
				GCC_WARN_64_TO_32_BIT_CONVERSION = YES;
				GCC_WARN_ABOUT_RETURN_TYPE = YES_ERROR;
				GCC_WARN_UNDECLARED_SELECTOR = YES;
				GCC_WARN_UNINITIALIZED_AUTOS = YES_AGGRESSIVE;
				GCC_WARN_UNUSED_FUNCTION = YES;
				GCC_WARN_UNUSED_VARIABLE = YES;
				IPHONEOS_DEPLOYMENT_TARGET = 12.1;
				MTL_ENABLE_DEBUG_INFO = NO;
				MTL_FAST_MATH = YES;
				SDKROOT = iphoneos;
				SWIFT_COMPILATION_MODE = wholemodule;
				SWIFT_OPTIMIZATION_LEVEL = "-O";
				VALIDATE_PRODUCT = YES;
			};
			name = Release;
		};
		683DE34C21A5236A00CB19C1 /* Debug */ = {
			isa = XCBuildConfiguration;
			buildSettings = {
				ASSETCATALOG_COMPILER_APPICON_NAME = AppIcon;
				CODE_SIGN_STYLE = Automatic;
				DEVELOPMENT_TEAM = 6G246VB5CG;
				INFOPLIST_FILE = Challenge/Info.plist;
				LD_RUNPATH_SEARCH_PATHS = (
					"$(inherited)",
					"@executable_path/Frameworks",
				);
				PRODUCT_BUNDLE_IDENTIFIER = huckit.Challenge;
				PRODUCT_NAME = "$(TARGET_NAME)";
				SWIFT_VERSION = 4.2;
				TARGETED_DEVICE_FAMILY = "1,2";
			};
			name = Debug;
		};
		683DE34D21A5236A00CB19C1 /* Release */ = {
			isa = XCBuildConfiguration;
			buildSettings = {
				ASSETCATALOG_COMPILER_APPICON_NAME = AppIcon;
				CODE_SIGN_STYLE = Automatic;
				DEVELOPMENT_TEAM = 6G246VB5CG;
				INFOPLIST_FILE = Challenge/Info.plist;
				LD_RUNPATH_SEARCH_PATHS = (
					"$(inherited)",
					"@executable_path/Frameworks",
				);
				PRODUCT_BUNDLE_IDENTIFIER = huckit.Challenge;
				PRODUCT_NAME = "$(TARGET_NAME)";
				SWIFT_VERSION = 4.2;
				TARGETED_DEVICE_FAMILY = "1,2";
			};
			name = Release;
		};
		683DE34F21A5236A00CB19C1 /* Debug */ = {
			isa = XCBuildConfiguration;
			buildSettings = {
				ALWAYS_EMBED_SWIFT_STANDARD_LIBRARIES = YES;
				BUNDLE_LOADER = "$(TEST_HOST)";
				CODE_SIGN_STYLE = Automatic;
				DEVELOPMENT_TEAM = 6G246VB5CG;
				INFOPLIST_FILE = ChallengeTests/Info.plist;
				LD_RUNPATH_SEARCH_PATHS = (
					"$(inherited)",
					"@executable_path/Frameworks",
					"@loader_path/Frameworks",
				);
				PRODUCT_BUNDLE_IDENTIFIER = huckit.ChallengeTests;
				PRODUCT_NAME = "$(TARGET_NAME)";
				SWIFT_VERSION = 4.2;
				TARGETED_DEVICE_FAMILY = "1,2";
				TEST_HOST = "$(BUILT_PRODUCTS_DIR)/Challenge.app/Challenge";
			};
			name = Debug;
		};
		683DE35021A5236A00CB19C1 /* Release */ = {
			isa = XCBuildConfiguration;
			buildSettings = {
				ALWAYS_EMBED_SWIFT_STANDARD_LIBRARIES = YES;
				BUNDLE_LOADER = "$(TEST_HOST)";
				CODE_SIGN_STYLE = Automatic;
				DEVELOPMENT_TEAM = 6G246VB5CG;
				INFOPLIST_FILE = ChallengeTests/Info.plist;
				LD_RUNPATH_SEARCH_PATHS = (
					"$(inherited)",
					"@executable_path/Frameworks",
					"@loader_path/Frameworks",
				);
				PRODUCT_BUNDLE_IDENTIFIER = huckit.ChallengeTests;
				PRODUCT_NAME = "$(TARGET_NAME)";
				SWIFT_VERSION = 4.2;
				TARGETED_DEVICE_FAMILY = "1,2";
				TEST_HOST = "$(BUILT_PRODUCTS_DIR)/Challenge.app/Challenge";
			};
			name = Release;
		};
		683DE35221A5236A00CB19C1 /* Debug */ = {
			isa = XCBuildConfiguration;
			buildSettings = {
				ALWAYS_EMBED_SWIFT_STANDARD_LIBRARIES = YES;
				CODE_SIGN_STYLE = Automatic;
				DEVELOPMENT_TEAM = 6G246VB5CG;
				INFOPLIST_FILE = ChallengeUITests/Info.plist;
				LD_RUNPATH_SEARCH_PATHS = (
					"$(inherited)",
					"@executable_path/Frameworks",
					"@loader_path/Frameworks",
				);
				PRODUCT_BUNDLE_IDENTIFIER = huckit.ChallengeUITests;
				PRODUCT_NAME = "$(TARGET_NAME)";
				SWIFT_VERSION = 4.2;
				TARGETED_DEVICE_FAMILY = "1,2";
				TEST_TARGET_NAME = Challenge;
			};
			name = Debug;
		};
		683DE35321A5236A00CB19C1 /* Release */ = {
			isa = XCBuildConfiguration;
			buildSettings = {
				ALWAYS_EMBED_SWIFT_STANDARD_LIBRARIES = YES;
				CODE_SIGN_STYLE = Automatic;
				DEVELOPMENT_TEAM = 6G246VB5CG;
				INFOPLIST_FILE = ChallengeUITests/Info.plist;
				LD_RUNPATH_SEARCH_PATHS = (
					"$(inherited)",
					"@executable_path/Frameworks",
					"@loader_path/Frameworks",
				);
				PRODUCT_BUNDLE_IDENTIFIER = huckit.ChallengeUITests;
				PRODUCT_NAME = "$(TARGET_NAME)";
				SWIFT_VERSION = 4.2;
				TARGETED_DEVICE_FAMILY = "1,2";
				TEST_TARGET_NAME = Challenge;
			};
			name = Release;
		};
/* End XCBuildConfiguration section */

/* Begin XCConfigurationList section */
		683DE31E21A5236900CB19C1 /* Build configuration list for PBXProject "Challenge" */ = {
			isa = XCConfigurationList;
			buildConfigurations = (
				683DE34921A5236A00CB19C1 /* Debug */,
				683DE34A21A5236A00CB19C1 /* Release */,
			);
			defaultConfigurationIsVisible = 0;
			defaultConfigurationName = Release;
		};
		683DE34B21A5236A00CB19C1 /* Build configuration list for PBXNativeTarget "Challenge" */ = {
			isa = XCConfigurationList;
			buildConfigurations = (
				683DE34C21A5236A00CB19C1 /* Debug */,
				683DE34D21A5236A00CB19C1 /* Release */,
			);
			defaultConfigurationIsVisible = 0;
			defaultConfigurationName = Release;
		};
		683DE34E21A5236A00CB19C1 /* Build configuration list for PBXNativeTarget "ChallengeTests" */ = {
			isa = XCConfigurationList;
			buildConfigurations = (
				683DE34F21A5236A00CB19C1 /* Debug */,
				683DE35021A5236A00CB19C1 /* Release */,
			);
			defaultConfigurationIsVisible = 0;
			defaultConfigurationName = Release;
		};
		683DE35121A5236A00CB19C1 /* Build configuration list for PBXNativeTarget "ChallengeUITests" */ = {
			isa = XCConfigurationList;
			buildConfigurations = (
				683DE35221A5236A00CB19C1 /* Debug */,
				683DE35321A5236A00CB19C1 /* Release */,
			);
			defaultConfigurationIsVisible = 0;
			defaultConfigurationName = Release;
		};
/* End XCConfigurationList section */
	};
	rootObject = 683DE31B21A5236900CB19C1 /* Project object */;
}
